
Microsoft Visual Studio Solution File, Format Version 12.00
# Visual Studio Version 16
VisualStudioVersion = 16.0.30621.155
MinimumVisualStudioVersion = 10.0.40219.1
Project("{FAE04EC0-301F-11D3-BF4B-00C04F79EFBC}") = "IMP first draft", "IMP first draft\IMP first draft.csproj", "{CB357093-6FB5-4699-81CC-B012429E771C}"
EndProject
Global
	GlobalSection(SolutionConfigurationPlatforms) = preSolution
		Debug|Any CPU = Debug|Any CPU
		Release|Any CPU = Release|Any CPU
	EndGlobalSection
	GlobalSection(ProjectConfigurationPlatforms) = postSolution
		{CB357093-6FB5-4699-81CC-B012429E771C}.Debug|Any CPU.ActiveCfg = Debug|Any CPU
		{CB357093-6FB5-4699-81CC-B012429E771C}.Debug|Any CPU.Build.0 = Debug|Any CPU
		{CB357093-6FB5-4699-81CC-B012429E771C}.Release|Any CPU.ActiveCfg = Release|Any CPU
		{CB357093-6FB5-4699-81CC-B012429E771C}.Release|Any CPU.Build.0 = Release|Any CPU
	EndGlobalSection
	GlobalSection(SolutionProperties) = preSolution
		HideSolutionNode = FALSE
	EndGlobalSection
	GlobalSection(ExtensibilityGlobals) = postSolution
		SolutionGuid = {DDB517CD-6389-4637-A5D9-E29C3FA6C5EC}
	EndGlobalSection
EndGlobal
